# generated by rye
# use `rye lock` or `rye sync` to update this lockfile
#
# last locked with the following flags:
#   pre: false
#   features: []
#   all-features: false

-e file:.
backports-cached-property==1.0.0.post2
cachetools==5.3.2
certifi==2023.11.17
charset-normalizer==3.3.2
click==8.1.3
deprecated==1.2.14
docker==6.1.2
google-auth==2.25.2
gretel-client==0.16.21
idna==3.6
importlib-metadata==6.11.0
kubernetes==28.1.0
oauthlib==3.2.2
opentelemetry-api==1.22.0
opentelemetry-distro==0.41b0
opentelemetry-exporter-prometheus==1.12.0rc1
opentelemetry-instrumentation==0.41b0
opentelemetry-sdk==1.22.0
opentelemetry-semantic-conventions==0.43b0
packaging==23.2
prometheus-client==0.19.0
pyasn1==0.5.1
pyasn1-modules==0.3.0
pydantic==1.10.13
python-dateutil==2.8.2
python-dotenv==1.0.0
pyyaml==6.0.1
requests==2.31.0
requests-oauthlib==1.3.1
rsa==4.9
six==1.16.0
smart-open==5.2.1
tabulate==0.8.9
tenacity==8.2.2
tqdm==4.66.1
typing-extensions==4.9.0
urllib3==1.26.18
websocket-client==1.7.0
wrapt==1.16.0
zipp==3.17.0
# The following packages are considered to be unsafe in a requirements file:
setuptools==69.0.2
